
Microsoft Visual Studio Solution File, Format Version 12.00
# Visual Studio Version 16
VisualStudioVersion = 16.0.31515.178
MinimumVisualStudioVersion = 10.0.40219.1
Project("{FAE04EC0-301F-11D3-BF4B-00C04F79EFBC}") = "Day3Exercise2", "Day3Exercise2\Day3Exercise2.csproj", "{FA2EB7FA-EFCF-450C-B689-E5851606077B}"
EndProject
Global
	GlobalSection(SolutionConfigurationPlatforms) = preSolution
		Debug|Any CPU = Debug|Any CPU
		Release|Any CPU = Release|Any CPU
	EndGlobalSection
	GlobalSection(ProjectConfigurationPlatforms) = postSolution
		{FA2EB7FA-EFCF-450C-B689-E5851606077B}.Debug|Any CPU.ActiveCfg = Debug|Any CPU
		{FA2EB7FA-EFCF-450C-B689-E5851606077B}.Debug|Any CPU.Build.0 = Debug|Any CPU
		{FA2EB7FA-EFCF-450C-B689-E5851606077B}.Release|Any CPU.ActiveCfg = Release|Any CPU
		{FA2EB7FA-EFCF-450C-B689-E5851606077B}.Release|Any CPU.Build.0 = Release|Any CPU
	EndGlobalSection
	GlobalSection(SolutionProperties) = preSolution
		HideSolutionNode = FALSE
	EndGlobalSection
	GlobalSection(ExtensibilityGlobals) = postSolution
		SolutionGuid = {9C10E86C-9A29-40F1-B077-FA8BDB6A0AB7}
	EndGlobalSection
EndGlobal
