
Microsoft Visual Studio Solution File, Format Version 12.00
# Visual Studio Version 16
VisualStudioVersion = 16.0.31515.178
MinimumVisualStudioVersion = 10.0.40219.1
Project("{FAE04EC0-301F-11D3-BF4B-00C04F79EFBC}") = "Day3Exercise3_Way1", "Day3Exercise3_Way1\Day3Exercise3_Way1.csproj", "{5D1F112D-1CD3-443A-9479-2790E1EC127D}"
EndProject
Global
	GlobalSection(SolutionConfigurationPlatforms) = preSolution
		Debug|Any CPU = Debug|Any CPU
		Release|Any CPU = Release|Any CPU
	EndGlobalSection
	GlobalSection(ProjectConfigurationPlatforms) = postSolution
		{5D1F112D-1CD3-443A-9479-2790E1EC127D}.Debug|Any CPU.ActiveCfg = Debug|Any CPU
		{5D1F112D-1CD3-443A-9479-2790E1EC127D}.Debug|Any CPU.Build.0 = Debug|Any CPU
		{5D1F112D-1CD3-443A-9479-2790E1EC127D}.Release|Any CPU.ActiveCfg = Release|Any CPU
		{5D1F112D-1CD3-443A-9479-2790E1EC127D}.Release|Any CPU.Build.0 = Release|Any CPU
	EndGlobalSection
	GlobalSection(SolutionProperties) = preSolution
		HideSolutionNode = FALSE
	EndGlobalSection
	GlobalSection(ExtensibilityGlobals) = postSolution
		SolutionGuid = {386F50B3-EEBA-4C15-9A04-E2DDF4C8DB6C}
	EndGlobalSection
EndGlobal
