
Microsoft Visual Studio Solution File, Format Version 12.00
# Visual Studio Version 16
VisualStudioVersion = 16.0.31410.357
MinimumVisualStudioVersion = 10.0.40219.1
Project("{FAE04EC0-301F-11D3-BF4B-00C04F79EFBC}") = "Day1Exercise2", "Day1Exercise2\Day1Exercise2.csproj", "{9ED5ECB4-8C28-454E-8B75-DC16CEADDE0F}"
EndProject
Global
	GlobalSection(SolutionConfigurationPlatforms) = preSolution
		Debug|Any CPU = Debug|Any CPU
		Release|Any CPU = Release|Any CPU
	EndGlobalSection
	GlobalSection(ProjectConfigurationPlatforms) = postSolution
		{9ED5ECB4-8C28-454E-8B75-DC16CEADDE0F}.Debug|Any CPU.ActiveCfg = Debug|Any CPU
		{9ED5ECB4-8C28-454E-8B75-DC16CEADDE0F}.Debug|Any CPU.Build.0 = Debug|Any CPU
		{9ED5ECB4-8C28-454E-8B75-DC16CEADDE0F}.Release|Any CPU.ActiveCfg = Release|Any CPU
		{9ED5ECB4-8C28-454E-8B75-DC16CEADDE0F}.Release|Any CPU.Build.0 = Release|Any CPU
	EndGlobalSection
	GlobalSection(SolutionProperties) = preSolution
		HideSolutionNode = FALSE
	EndGlobalSection
	GlobalSection(ExtensibilityGlobals) = postSolution
		SolutionGuid = {E6DAC796-A0BB-4586-A64E-25ED4DB89F52}
	EndGlobalSection
EndGlobal
