
Microsoft Visual Studio Solution File, Format Version 12.00
# Visual Studio Version 16
VisualStudioVersion = 16.0.31515.178
MinimumVisualStudioVersion = 10.0.40219.1
Project("{FAE04EC0-301F-11D3-BF4B-00C04F79EFBC}") = "Day4Doc2Ex2", "Day4Doc2Ex2\Day4Doc2Ex2.csproj", "{7343DCF4-4911-4692-AF19-8FA631E35197}"
EndProject
Global
	GlobalSection(SolutionConfigurationPlatforms) = preSolution
		Debug|Any CPU = Debug|Any CPU
		Release|Any CPU = Release|Any CPU
	EndGlobalSection
	GlobalSection(ProjectConfigurationPlatforms) = postSolution
		{7343DCF4-4911-4692-AF19-8FA631E35197}.Debug|Any CPU.ActiveCfg = Debug|Any CPU
		{7343DCF4-4911-4692-AF19-8FA631E35197}.Debug|Any CPU.Build.0 = Debug|Any CPU
		{7343DCF4-4911-4692-AF19-8FA631E35197}.Release|Any CPU.ActiveCfg = Release|Any CPU
		{7343DCF4-4911-4692-AF19-8FA631E35197}.Release|Any CPU.Build.0 = Release|Any CPU
	EndGlobalSection
	GlobalSection(SolutionProperties) = preSolution
		HideSolutionNode = FALSE
	EndGlobalSection
	GlobalSection(ExtensibilityGlobals) = postSolution
		SolutionGuid = {0BAEC00C-51E1-4CFD-B296-A884228E7F4A}
	EndGlobalSection
EndGlobal
